{
    "version": 3,
    "terraform_version": "0.11.7",
    "serial": 17,
    "lineage": "74a7fdb9-0414-7592-de4d-2f9b8ca516fa",
    "modules": [
        {
            "path": [
                "root"
            ],
            "outputs": {},
            "resources": {
                "docker_container.application": {
                    "type": "docker_container",
                    "depends_on": [
                        "docker_image.application",
                        "docker_network.private_network"
                    ],
                    "primary": {
                        "id": "ba784271f1dde5f3e9df8657d8e4eecee9ad8d278b9ec6d7a4015b9dcf911385",
                        "attributes": {
                            "bridge": "",
                            "gateway": "172.17.0.1",
                            "id": "ba784271f1dde5f3e9df8657d8e4eecee9ad8d278b9ec6d7a4015b9dcf911385",
                            "image": "sha256:1fb3ea26af3ce4edc2c9ef6c40b79d6c196215b404e079780b655cbc59a0894f",
                            "ip_address": "172.17.0.3",
                            "ip_prefix_length": "16",
                            "links.#": "1",
                            "links.2501908538": "mysql",
                            "log_driver": "json-file",
                            "must_run": "true",
                            "name": "application",
                            "networks.#": "1",
                            "networks.2704061869": "desafio-passei-direto",
                            "ports.#": "1",
                            "ports.3219760105.external": "8080",
                            "ports.3219760105.internal": "8080",
                            "ports.3219760105.ip": "",
                            "ports.3219760105.protocol": "tcp",
                            "restart": "on-failure"
                        },
                        "meta": {},
                        "tainted": false
                    },
                    "deposed": [],
                    "provider": "provider.docker"
                },
                "docker_container.mysql": {
                    "type": "docker_container",
                    "depends_on": [
                        "docker_image.mysql",
                        "docker_network.private_network"
                    ],
                    "primary": {
                        "id": "059b05edeaaf8f0b38090356aa4d09baf1af05ae23176d2066b2a729b73a42d0",
                        "attributes": {
                            "bridge": "",
                            "gateway": "172.17.0.1",
                            "id": "059b05edeaaf8f0b38090356aa4d09baf1af05ae23176d2066b2a729b73a42d0",
                            "image": "sha256:68ae54c23223e91ad2811aae27ee1bca7f11e06f286956674e93a655a20dcb1a",
                            "ip_address": "172.17.0.2",
                            "ip_prefix_length": "16",
                            "log_driver": "json-file",
                            "must_run": "true",
                            "name": "mysql",
                            "networks.#": "1",
                            "networks.2704061869": "desafio-passei-direto",
                            "ports.#": "1",
                            "ports.2450812665.external": "3306",
                            "ports.2450812665.internal": "3306",
                            "ports.2450812665.ip": "",
                            "ports.2450812665.protocol": "tcp",
                            "restart": "no",
                            "volumes.#": "1",
                            "volumes.266672773.container_path": "/data",
                            "volumes.266672773.from_container": "",
                            "volumes.266672773.host_path": "",
                            "volumes.266672773.read_only": "false",
                            "volumes.266672773.volume_name": "db_data"
                        },
                        "meta": {},
                        "tainted": false
                    },
                    "deposed": [],
                    "provider": "provider.docker"
                },
                "docker_container.nginx": {
                    "type": "docker_container",
                    "depends_on": [
                        "docker_container.application",
                        "docker_image.nginx",
                        "docker_network.private_network"
                    ],
                    "primary": {
                        "id": "d9238c04dc1cae47c9fca936ac666a335e73d7e726fb6616240e553cd6a66907",
                        "attributes": {
                            "bridge": "",
                            "gateway": "172.17.0.1",
                            "id": "d9238c04dc1cae47c9fca936ac666a335e73d7e726fb6616240e553cd6a66907",
                            "image": "sha256:1db2e4a262d2da05c341cee4fd3161185b2e65b819d02f4f3d2eb14b7b956163",
                            "ip_address": "172.17.0.4",
                            "ip_prefix_length": "16",
                            "links.#": "1",
                            "links.2757483969": "application",
                            "log_driver": "json-file",
                            "must_run": "true",
                            "name": "nginx",
                            "networks.#": "1",
                            "networks.2704061869": "desafio-passei-direto",
                            "ports.#": "1",
                            "ports.4028926921.external": "80",
                            "ports.4028926921.internal": "80",
                            "ports.4028926921.ip": "",
                            "ports.4028926921.protocol": "tcp",
                            "restart": "always"
                        },
                        "meta": {},
                        "tainted": false
                    },
                    "deposed": [],
                    "provider": "provider.docker"
                },
                "docker_image.application": {
                    "type": "docker_image",
                    "depends_on": [],
                    "primary": {
                        "id": "sha256:1fb3ea26af3ce4edc2c9ef6c40b79d6c196215b404e079780b655cbc59a0894fconcretecristiantrucco/application:1.0",
                        "attributes": {
                            "id": "sha256:1fb3ea26af3ce4edc2c9ef6c40b79d6c196215b404e079780b655cbc59a0894fconcretecristiantrucco/application:1.0",
                            "latest": "sha256:1fb3ea26af3ce4edc2c9ef6c40b79d6c196215b404e079780b655cbc59a0894f",
                            "name": "concretecristiantrucco/application:1.0"
                        },
                        "meta": {},
                        "tainted": false
                    },
                    "deposed": [],
                    "provider": "provider.docker"
                },
                "docker_image.mysql": {
                    "type": "docker_image",
                    "depends_on": [],
                    "primary": {
                        "id": "sha256:68ae54c23223e91ad2811aae27ee1bca7f11e06f286956674e93a655a20dcb1aconcretecristiantrucco/desafio_mysql:1.0",
                        "attributes": {
                            "id": "sha256:68ae54c23223e91ad2811aae27ee1bca7f11e06f286956674e93a655a20dcb1aconcretecristiantrucco/desafio_mysql:1.0",
                            "latest": "sha256:68ae54c23223e91ad2811aae27ee1bca7f11e06f286956674e93a655a20dcb1a",
                            "name": "concretecristiantrucco/desafio_mysql:1.0"
                        },
                        "meta": {},
                        "tainted": false
                    },
                    "deposed": [],
                    "provider": "provider.docker"
                },
                "docker_image.nginx": {
                    "type": "docker_image",
                    "depends_on": [],
                    "primary": {
                        "id": "sha256:1db2e4a262d2da05c341cee4fd3161185b2e65b819d02f4f3d2eb14b7b956163concretecristiantrucco/desafio_nginx:1.0",
                        "attributes": {
                            "id": "sha256:1db2e4a262d2da05c341cee4fd3161185b2e65b819d02f4f3d2eb14b7b956163concretecristiantrucco/desafio_nginx:1.0",
                            "latest": "sha256:1db2e4a262d2da05c341cee4fd3161185b2e65b819d02f4f3d2eb14b7b956163",
                            "name": "concretecristiantrucco/desafio_nginx:1.0"
                        },
                        "meta": {},
                        "tainted": false
                    },
                    "deposed": [],
                    "provider": "provider.docker"
                },
                "docker_network.private_network": {
                    "type": "docker_network",
                    "depends_on": [],
                    "primary": {
                        "id": "2e3085be84ed523a66f337d2e932fbc1853dc7842128e93c148efc14bf3d10e0",
                        "attributes": {
                            "driver": "bridge",
                            "id": "2e3085be84ed523a66f337d2e932fbc1853dc7842128e93c148efc14bf3d10e0",
                            "internal": "false",
                            "name": "desafio-passei-direto",
                            "options.%": "0",
                            "scope": "local"
                        },
                        "meta": {},
                        "tainted": false
                    },
                    "deposed": [],
                    "provider": "provider.docker"
                }
            },
            "depends_on": []
        }
    ]
}
